
Microsoft Visual Studio Solution File, Format Version 12.00
# Visual Studio 15
VisualStudioVersion = 15.0.28307.645
MinimumVisualStudioVersion = 10.0.40219.1
Project("{FAE04EC0-301F-11D3-BF4B-00C04F79EFBC}") = "ImageToTile", "ImageToTile\ImageToTile.csproj", "{CE3A4F3D-3713-43CC-9729-A8985D678B15}"
EndProject
Global
	GlobalSection(SolutionConfigurationPlatforms) = preSolution
		Debug|Any CPU = Debug|Any CPU
		Release|Any CPU = Release|Any CPU
	EndGlobalSection
	GlobalSection(ProjectConfigurationPlatforms) = postSolution
		{CE3A4F3D-3713-43CC-9729-A8985D678B15}.Debug|Any CPU.ActiveCfg = Debug|Any CPU
		{CE3A4F3D-3713-43CC-9729-A8985D678B15}.Debug|Any CPU.Build.0 = Debug|Any CPU
		{CE3A4F3D-3713-43CC-9729-A8985D678B15}.Release|Any CPU.ActiveCfg = Release|Any CPU
		{CE3A4F3D-3713-43CC-9729-A8985D678B15}.Release|Any CPU.Build.0 = Release|Any CPU
	EndGlobalSection
	GlobalSection(SolutionProperties) = preSolution
		HideSolutionNode = FALSE
	EndGlobalSection
	GlobalSection(ExtensibilityGlobals) = postSolution
		SolutionGuid = {F7AB5886-2387-4E23-A563-0133FC3741FB}
	EndGlobalSection
EndGlobal
